// !$*UTF8*$!
{
	archiveVersion = 1;
	classes = {
	};
	objectVersion = 46;
	objects = {

/* Begin PBXBuildFile section */
		834A0A061C9381CD00BD13A0 /* AppDelegate.swift in Sources */ = {isa = PBXBuildFile; fileRef = 834A0A051C9381CD00BD13A0 /* AppDelegate.swift */; };
		834A0A081C9381CD00BD13A0 /* ViewController.swift in Sources */ = {isa = PBXBuildFile; fileRef = 834A0A071C9381CD00BD13A0 /* ViewController.swift */; };
		834A0A0B1C9381CD00BD13A0 /* Main.storyboard in Resources */ = {isa = PBXBuildFile; fileRef = 834A0A091C9381CD00BD13A0 /* Main.storyboard */; };
		834A0A0E1C9381CD00BD13A0 /* Timer1_2.xcdatamodeld in Sources */ = {isa = PBXBuildFile; fileRef = 834A0A0C1C9381CD00BD13A0 /* Timer1_2.xcdatamodeld */; };
		834A0A101C9381CD00BD13A0 /* Assets.xcassets in Resources */ = {isa = PBXBuildFile; fileRef = 834A0A0F1C9381CD00BD13A0 /* Assets.xcassets */; };
		834A0A131C9381CD00BD13A0 /* LaunchScreen.storyboard in Resources */ = {isa = PBXBuildFile; fileRef = 834A0A111C9381CD00BD13A0 /* LaunchScreen.storyboard */; };
		834A0A1E1C9381CD00BD13A0 /* Timer1_2Tests.swift in Sources */ = {isa = PBXBuildFile; fileRef = 834A0A1D1C9381CD00BD13A0 /* Timer1_2Tests.swift */; };
		834A0A291C9381CD00BD13A0 /* Timer1_2UITests.swift in Sources */ = {isa = PBXBuildFile; fileRef = 834A0A281C9381CD00BD13A0 /* Timer1_2UITests.swift */; };
		834A0A371C9383DC00BD13A0 /* TimerTableViewCell.swift in Sources */ = {isa = PBXBuildFile; fileRef = 834A0A361C9383DC00BD13A0 /* TimerTableViewCell.swift */; };
		834A0A391C93A6B200BD13A0 /* TimerModel.swift in Sources */ = {isa = PBXBuildFile; fileRef = 834A0A381C93A6B200BD13A0 /* TimerModel.swift */; };
/* End PBXBuildFile section */

/* Begin PBXContainerItemProxy section */
		834A0A1A1C9381CD00BD13A0 /* PBXContainerItemProxy */ = {
			isa = PBXContainerItemProxy;
			containerPortal = 834A09FA1C9381CD00BD13A0 /* Project object */;
			proxyType = 1;
			remoteGlobalIDString = 834A0A011C9381CD00BD13A0;
			remoteInfo = Timer1.2;
		};
		834A0A251C9381CD00BD13A0 /* PBXContainerItemProxy */ = {
			isa = PBXContainerItemProxy;
			containerPortal = 834A09FA1C9381CD00BD13A0 /* Project object */;
			proxyType = 1;
			remoteGlobalIDString = 834A0A011C9381CD00BD13A0;
			remoteInfo = Timer1.2;
		};
/* End PBXContainerItemProxy section */

/* Begin PBXFileReference section */
		834A0A021C9381CD00BD13A0 /* Timer1.2.app */ = {isa = PBXFileReference; explicitFileType = wrapper.application; includeInIndex = 0; path = Timer1.2.app; sourceTree = BUILT_PRODUCTS_DIR; };
		834A0A051C9381CD00BD13A0 /* AppDelegate.swift */ = {isa = PBXFileReference; lastKnownFileType = sourcecode.swift; path = AppDelegate.swift; sourceTree = "<group>"; };
		834A0A071C9381CD00BD13A0 /* ViewController.swift */ = {isa = PBXFileReference; lastKnownFileType = sourcecode.swift; path = ViewController.swift; sourceTree = "<group>"; };
		834A0A0A1C9381CD00BD13A0 /* Base */ = {isa = PBXFileReference; lastKnownFileType = file.storyboard; name = Base; path = Base.lproj/Main.storyboard; sourceTree = "<group>"; };
		834A0A0D1C9381CD00BD13A0 /* Timer1_2.xcdatamodel */ = {isa = PBXFileReference; lastKnownFileType = wrapper.xcdatamodel; path = Timer1_2.xcdatamodel; sourceTree = "<group>"; };
		834A0A0F1C9381CD00BD13A0 /* Assets.xcassets */ = {isa = PBXFileReference; lastKnownFileType = folder.assetcatalog; path = Assets.xcassets; sourceTree = "<group>"; };
		834A0A121C9381CD00BD13A0 /* Base */ = {isa = PBXFileReference; lastKnownFileType = file.storyboard; name = Base; path = Base.lproj/LaunchScreen.storyboard; sourceTree = "<group>"; };
		834A0A141C9381CD00BD13A0 /* Info.plist */ = {isa = PBXFileReference; lastKnownFileType = text.plist.xml; path = Info.plist; sourceTree = "<group>"; };
		834A0A191C9381CD00BD13A0 /* Timer1.2Tests.xctest */ = {isa = PBXFileReference; explicitFileType = wrapper.cfbundle; includeInIndex = 0; path = Timer1.2Tests.xctest; sourceTree = BUILT_PRODUCTS_DIR; };
		834A0A1D1C9381CD00BD13A0 /* Timer1_2Tests.swift */ = {isa = PBXFileReference; lastKnownFileType = sourcecode.swift; path = Timer1_2Tests.swift; sourceTree = "<group>"; };
		834A0A1F1C9381CD00BD13A0 /* Info.plist */ = {isa = PBXFileReference; lastKnownFileType = text.plist.xml; path = Info.plist; sourceTree = "<group>"; };
		834A0A241C9381CD00BD13A0 /* Timer1.2UITests.xctest */ = {isa = PBXFileReference; explicitFileType = wrapper.cfbundle; includeInIndex = 0; path = Timer1.2UITests.xctest; sourceTree = BUILT_PRODUCTS_DIR; };
		834A0A281C9381CD00BD13A0 /* Timer1_2UITests.swift */ = {isa = PBXFileReference; lastKnownFileType = sourcecode.swift; path = Timer1_2UITests.swift; sourceTree = "<group>"; };
		834A0A2A1C9381CD00BD13A0 /* Info.plist */ = {isa = PBXFileReference; lastKnownFileType = text.plist.xml; path = Info.plist; sourceTree = "<group>"; };
		834A0A361C9383DC00BD13A0 /* TimerTableViewCell.swift */ = {isa = PBXFileReference; fileEncoding = 4; lastKnownFileType = sourcecode.swift; path = TimerTableViewCell.swift; sourceTree = "<group>"; };
		834A0A381C93A6B200BD13A0 /* TimerModel.swift */ = {isa = PBXFileReference; fileEncoding = 4; lastKnownFileType = sourcecode.swift; path = TimerModel.swift; sourceTree = "<group>"; };
/* End PBXFileReference section */

/* Begin PBXFrameworksBuildPhase section */
		834A09FF1C9381CD00BD13A0 /* Frameworks */ = {
			isa = PBXFrameworksBuildPhase;
			buildActionMask = 2147483647;
			files = (
			);
			runOnlyForDeploymentPostprocessing = 0;
		};
		834A0A161C9381CD00BD13A0 /* Frameworks */ = {
			isa = PBXFrameworksBuildPhase;
			buildActionMask = 2147483647;
			files = (
			);
			runOnlyForDeploymentPostprocessing = 0;
		};
		834A0A211C9381CD00BD13A0 /* Frameworks */ = {
			isa = PBXFrameworksBuildPhase;
			buildActionMask = 2147483647;
			files = (
			);
			runOnlyForDeploymentPostprocessing = 0;
		};
/* End PBXFrameworksBuildPhase section */

/* Begin PBXGroup section */
		834A09F91C9381CD00BD13A0 = {
			isa = PBXGroup;
			children = (
				834A0A041C9381CD00BD13A0 /* Timer1.2 */,
				834A0A1C1C9381CD00BD13A0 /* Timer1.2Tests */,
				834A0A271C9381CD00BD13A0 /* Timer1.2UITests */,
				834A0A031C9381CD00BD13A0 /* Products */,
			);
			sourceTree = "<group>";
		};
		834A0A031C9381CD00BD13A0 /* Products */ = {
			isa = PBXGroup;
			children = (
				834A0A021C9381CD00BD13A0 /* Timer1.2.app */,
				834A0A191C9381CD00BD13A0 /* Timer1.2Tests.xctest */,
				834A0A241C9381CD00BD13A0 /* Timer1.2UITests.xctest */,
			);
			name = Products;
			sourceTree = "<group>";
		};
		834A0A041C9381CD00BD13A0 /* Timer1.2 */ = {
			isa = PBXGroup;
			children = (
				834A0A051C9381CD00BD13A0 /* AppDelegate.swift */,
				834A0A071C9381CD00BD13A0 /* ViewController.swift */,
				834A0A361C9383DC00BD13A0 /* TimerTableViewCell.swift */,
				834A0A381C93A6B200BD13A0 /* TimerModel.swift */,
				834A0A091C9381CD00BD13A0 /* Main.storyboard */,
				834A0A0F1C9381CD00BD13A0 /* Assets.xcassets */,
				834A0A111C9381CD00BD13A0 /* LaunchScreen.storyboard */,
				834A0A141C9381CD00BD13A0 /* Info.plist */,
				834A0A0C1C9381CD00BD13A0 /* Timer1_2.xcdatamodeld */,
			);
			path = Timer1.2;
			sourceTree = "<group>";
		};
		834A0A1C1C9381CD00BD13A0 /* Timer1.2Tests */ = {
			isa = PBXGroup;
			children = (
				834A0A1D1C9381CD00BD13A0 /* Timer1_2Tests.swift */,
				834A0A1F1C9381CD00BD13A0 /* Info.plist */,
			);
			path = Timer1.2Tests;
			sourceTree = "<group>";
		};
		834A0A271C9381CD00BD13A0 /* Timer1.2UITests */ = {
			isa = PBXGroup;
			children = (
				834A0A281C9381CD00BD13A0 /* Timer1_2UITests.swift */,
				834A0A2A1C9381CD00BD13A0 /* Info.plist */,
			);
			path = Timer1.2UITests;
			sourceTree = "<group>";
		};
/* End PBXGroup section */

/* Begin PBXNativeTarget section */
		834A0A011C9381CD00BD13A0 /* Timer1.2 */ = {
			isa = PBXNativeTarget;
			buildConfigurationList = 834A0A2D1C9381CD00BD13A0 /* Build configuration list for PBXNativeTarget "Timer1.2" */;
			buildPhases = (
				834A09FE1C9381CD00BD13A0 /* Sources */,
				834A09FF1C9381CD00BD13A0 /* Frameworks */,
				834A0A001C9381CD00BD13A0 /* Resources */,
			);
			buildRules = (
			);
			dependencies = (
			);
			name = Timer1.2;
			productName = Timer1.2;
			productReference = 834A0A021C9381CD00BD13A0 /* Timer1.2.app */;
			productType = "com.apple.product-type.application";
		};
		834A0A181C9381CD00BD13A0 /* Timer1.2Tests */ = {
			isa = PBXNativeTarget;
			buildConfigurationList = 834A0A301C9381CD00BD13A0 /* Build configuration list for PBXNativeTarget "Timer1.2Tests" */;
			buildPhases = (
				834A0A151C9381CD00BD13A0 /* Sources */,
				834A0A161C9381CD00BD13A0 /* Frameworks */,
				834A0A171C9381CD00BD13A0 /* Resources */,
			);
			buildRules = (
			);
			dependencies = (
				834A0A1B1C9381CD00BD13A0 /* PBXTargetDependency */,
			);
			name = Timer1.2Tests;
			productName = Timer1.2Tests;
			productReference = 834A0A191C9381CD00BD13A0 /* Timer1.2Tests.xctest */;
			productType = "com.apple.product-type.bundle.unit-test";
		};
		834A0A231C9381CD00BD13A0 /* Timer1.2UITests */ = {
			isa = PBXNativeTarget;
			buildConfigurationList = 834A0A331C9381CD00BD13A0 /* Build configuration list for PBXNativeTarget "Timer1.2UITests" */;
			buildPhases = (
				834A0A201C9381CD00BD13A0 /* Sources */,
				834A0A211C9381CD00BD13A0 /* Frameworks */,
				834A0A221C9381CD00BD13A0 /* Resources */,
			);
			buildRules = (
			);
			dependencies = (
				834A0A261C9381CD00BD13A0 /* PBXTargetDependency */,
			);
			name = Timer1.2UITests;
			productName = Timer1.2UITests;
			productReference = 834A0A241C9381CD00BD13A0 /* Timer1.2UITests.xctest */;
			productType = "com.apple.product-type.bundle.ui-testing";
		};
/* End PBXNativeTarget section */

/* Begin PBXProject section */
		834A09FA1C9381CD00BD13A0 /* Project object */ = {
			isa = PBXProject;
			attributes = {
				LastSwiftUpdateCheck = 0730;
				LastUpgradeCheck = 0730;
				ORGANIZATIONNAME = "Webified Design";
				TargetAttributes = {
					834A0A011C9381CD00BD13A0 = {
						CreatedOnToolsVersion = 7.3;
						DevelopmentTeam = 2YT8J2GTW2;
					};
					834A0A181C9381CD00BD13A0 = {
						CreatedOnToolsVersion = 7.3;
						DevelopmentTeam = 2YT8J2GTW2;
						TestTargetID = 834A0A011C9381CD00BD13A0;
					};
					834A0A231C9381CD00BD13A0 = {
						CreatedOnToolsVersion = 7.3;
						DevelopmentTeam = 2YT8J2GTW2;
						TestTargetID = 834A0A011C9381CD00BD13A0;
					};
				};
			};
			buildConfigurationList = 834A09FD1C9381CD00BD13A0 /* Build configuration list for PBXProject "Timer1.2" */;
			compatibilityVersion = "Xcode 3.2";
			developmentRegion = English;
			hasScannedForEncodings = 0;
			knownRegions = (
				en,
				Base,
			);
			mainGroup = 834A09F91C9381CD00BD13A0;
			productRefGroup = 834A0A031C9381CD00BD13A0 /* Products */;
			projectDirPath = "";
			projectRoot = "";
			targets = (
				834A0A011C9381CD00BD13A0 /* Timer1.2 */,
				834A0A181C9381CD00BD13A0 /* Timer1.2Tests */,
				834A0A231C9381CD00BD13A0 /* Timer1.2UITests */,
			);
		};
/* End PBXProject section */

/* Begin PBXResourcesBuildPhase section */
		834A0A001C9381CD00BD13A0 /* Resources */ = {
			isa = PBXResourcesBuildPhase;
			buildActionMask = 2147483647;
			files = (
				834A0A131C9381CD00BD13A0 /* LaunchScreen.storyboard in Resources */,
				834A0A101C9381CD00BD13A0 /* Assets.xcassets in Resources */,
				834A0A0B1C9381CD00BD13A0 /* Main.storyboard in Resources */,
			);
			runOnlyForDeploymentPostprocessing = 0;
		};
		834A0A171C9381CD00BD13A0 /* Resources */ = {
			isa = PBXResourcesBuildPhase;
			buildActionMask = 2147483647;
			files = (
			);
			runOnlyForDeploymentPostprocessing = 0;
		};
		834A0A221C9381CD00BD13A0 /* Resources */ = {
			isa = PBXResourcesBuildPhase;
			buildActionMask = 2147483647;
			files = (
			);
			runOnlyForDeploymentPostprocessing = 0;
		};
/* End PBXResourcesBuildPhase section */

/* Begin PBXSourcesBuildPhase section */
		834A09FE1C9381CD00BD13A0 /* Sources */ = {
			isa = PBXSourcesBuildPhase;
			buildActionMask = 2147483647;
			files = (
				834A0A081C9381CD00BD13A0 /* ViewController.swift in Sources */,
				834A0A061C9381CD00BD13A0 /* AppDelegate.swift in Sources */,
				834A0A391C93A6B200BD13A0 /* TimerModel.swift in Sources */,
				834A0A0E1C9381CD00BD13A0 /* Timer1_2.xcdatamodeld in Sources */,
				834A0A371C9383DC00BD13A0 /* TimerTableViewCell.swift in Sources */,
			);
			runOnlyForDeploymentPostprocessing = 0;
		};
		834A0A151C9381CD00BD13A0 /* Sources */ = {
			isa = PBXSourcesBuildPhase;
			buildActionMask = 2147483647;
			files = (
				834A0A1E1C9381CD00BD13A0 /* Timer1_2Tests.swift in Sources */,
			);
			runOnlyForDeploymentPostprocessing = 0;
		};
		834A0A201C9381CD00BD13A0 /* Sources */ = {
			isa = PBXSourcesBuildPhase;
			buildActionMask = 2147483647;
			files = (
				834A0A291C9381CD00BD13A0 /* Timer1_2UITests.swift in Sources */,
			);
			runOnlyForDeploymentPostprocessing = 0;
		};
/* End PBXSourcesBuildPhase section */

/* Begin PBXTargetDependency section */
		834A0A1B1C9381CD00BD13A0 /* PBXTargetDependency */ = {
			isa = PBXTargetDependency;
			target = 834A0A011C9381CD00BD13A0 /* Timer1.2 */;
			targetProxy = 834A0A1A1C9381CD00BD13A0 /* PBXContainerItemProxy */;
		};
		834A0A261C9381CD00BD13A0 /* PBXTargetDependency */ = {
			isa = PBXTargetDependency;
			target = 834A0A011C9381CD00BD13A0 /* Timer1.2 */;
			targetProxy = 834A0A251C9381CD00BD13A0 /* PBXContainerItemProxy */;
		};
/* End PBXTargetDependency section */

/* Begin PBXVariantGroup section */
		834A0A091C9381CD00BD13A0 /* Main.storyboard */ = {
			isa = PBXVariantGroup;
			children = (
				834A0A0A1C9381CD00BD13A0 /* Base */,
			);
			name = Main.storyboard;
			sourceTree = "<group>";
		};
		834A0A111C9381CD00BD13A0 /* LaunchScreen.storyboard */ = {
			isa = PBXVariantGroup;
			children = (
				834A0A121C9381CD00BD13A0 /* Base */,
			);
			name = LaunchScreen.storyboard;
			sourceTree = "<group>";
		};
/* End PBXVariantGroup section */

/* Begin XCBuildConfiguration section */
		834A0A2B1C9381CD00BD13A0 /* Debug */ = {
			isa = XCBuildConfiguration;
			buildSettings = {
				ALWAYS_SEARCH_USER_PATHS = NO;
				CLANG_CXX_LANGUAGE_STANDARD = "gnu++0x";
				CLANG_CXX_LIBRARY = "libc++";
				CLANG_ENABLE_MODULES = YES;
				CLANG_ENABLE_OBJC_ARC = YES;
				CLANG_WARN_BOOL_CONVERSION = YES;
				CLANG_WARN_CONSTANT_CONVERSION = YES;
				CLANG_WARN_DIRECT_OBJC_ISA_USAGE = YES_ERROR;
				CLANG_WARN_EMPTY_BODY = YES;
				CLANG_WARN_ENUM_CONVERSION = YES;
				CLANG_WARN_INT_CONVERSION = YES;
				CLANG_WARN_OBJC_ROOT_CLASS = YES_ERROR;
				CLANG_WARN_UNREACHABLE_CODE = YES;
				CLANG_WARN__DUPLICATE_METHOD_MATCH = YES;
				"CODE_SIGN_IDENTITY[sdk=iphoneos*]" = "iPhone Developer";
				COPY_PHASE_STRIP = NO;
				DEBUG_INFORMATION_FORMAT = dwarf;
				ENABLE_STRICT_OBJC_MSGSEND = YES;
				ENABLE_TESTABILITY = YES;
				GCC_C_LANGUAGE_STANDARD = gnu99;
				GCC_DYNAMIC_NO_PIC = NO;
				GCC_NO_COMMON_BLOCKS = YES;
				GCC_OPTIMIZATION_LEVEL = 0;
				GCC_PREPROCESSOR_DEFINITIONS = (
					"DEBUG=1",
					"$(inherited)",
				);
				GCC_WARN_64_TO_32_BIT_CONVERSION = YES;
				GCC_WARN_ABOUT_RETURN_TYPE = YES_ERROR;
				GCC_WARN_UNDECLARED_SELECTOR = YES;
				GCC_WARN_UNINITIALIZED_AUTOS = YES_AGGRESSIVE;
				GCC_WARN_UNUSED_FUNCTION = YES;
				GCC_WARN_UNUSED_VARIABLE = YES;
				IPHONEOS_DEPLOYMENT_TARGET = 9.3;
				MTL_ENABLE_DEBUG_INFO = YES;
				ONLY_ACTIVE_ARCH = YES;
				SDKROOT = iphoneos;
				SWIFT_OPTIMIZATION_LEVEL = "-Onone";
			};
			name = Debug;
		};
		834A0A2C1C9381CD00BD13A0 /* Release */ = {
			isa = XCBuildConfiguration;
			buildSettings = {
				ALWAYS_SEARCH_USER_PATHS = NO;
				CLANG_CXX_LANGUAGE_STANDARD = "gnu++0x";
				CLANG_CXX_LIBRARY = "libc++";
				CLANG_ENABLE_MODULES = YES;
				CLANG_ENABLE_OBJC_ARC = YES;
				CLANG_WARN_BOOL_CONVERSION = YES;
				CLANG_WARN_CONSTANT_CONVERSION = YES;
				CLANG_WARN_DIRECT_OBJC_ISA_USAGE = YES_ERROR;
				CLANG_WARN_EMPTY_BODY = YES;
				CLANG_WARN_ENUM_CONVERSION = YES;
				CLANG_WARN_INT_CONVERSION = YES;
				CLANG_WARN_OBJC_ROOT_CLASS = YES_ERROR;
				CLANG_WARN_UNREACHABLE_CODE = YES;
				CLANG_WARN__DUPLICATE_METHOD_MATCH = YES;
				"CODE_SIGN_IDENTITY[sdk=iphoneos*]" = "iPhone Developer";
				COPY_PHASE_STRIP = NO;
				DEBUG_INFORMATION_FORMAT = "dwarf-with-dsym";
				ENABLE_NS_ASSERTIONS = NO;
				ENABLE_STRICT_OBJC_MSGSEND = YES;
				GCC_C_LANGUAGE_STANDARD = gnu99;
				GCC_NO_COMMON_BLOCKS = YES;
				GCC_WARN_64_TO_32_BIT_CONVERSION = YES;
				GCC_WARN_ABOUT_RETURN_TYPE = YES_ERROR;
				GCC_WARN_UNDECLARED_SELECTOR = YES;
				GCC_WARN_UNINITIALIZED_AUTOS = YES_AGGRESSIVE;
				GCC_WARN_UNUSED_FUNCTION = YES;
				GCC_WARN_UNUSED_VARIABLE = YES;
				IPHONEOS_DEPLOYMENT_TARGET = 9.3;
				MTL_ENABLE_DEBUG_INFO = NO;
				SDKROOT = iphoneos;
				VALIDATE_PRODUCT = YES;
			};
			name = Release;
		};
		834A0A2E1C9381CD00BD13A0 /* Debug */ = {
			isa = XCBuildConfiguration;
			buildSettings = {
				ASSETCATALOG_COMPILER_APPICON_NAME = AppIcon;
				INFOPLIST_FILE = Timer1.2/Info.plist;
				LD_RUNPATH_SEARCH_PATHS = "$(inherited) @executable_path/Frameworks";
				PRODUCT_BUNDLE_IDENTIFIER = "com.webifieddesign.Timer1-2";
				PRODUCT_NAME = "$(TARGET_NAME)";
			};
			name = Debug;
		};
		834A0A2F1C9381CD00BD13A0 /* Release */ = {
			isa = XCBuildConfiguration;
			buildSettings = {
				ASSETCATALOG_COMPILER_APPICON_NAME = AppIcon;
				INFOPLIST_FILE = Timer1.2/Info.plist;
				LD_RUNPATH_SEARCH_PATHS = "$(inherited) @executable_path/Frameworks";
				PRODUCT_BUNDLE_IDENTIFIER = "com.webifieddesign.Timer1-2";
				PRODUCT_NAME = "$(TARGET_NAME)";
			};
			name = Release;
		};
		834A0A311C9381CD00BD13A0 /* Debug */ = {
			isa = XCBuildConfiguration;
			buildSettings = {
				BUNDLE_LOADER = "$(TEST_HOST)";
				INFOPLIST_FILE = Timer1.2Tests/Info.plist;
				LD_RUNPATH_SEARCH_PATHS = "$(inherited) @executable_path/Frameworks @loader_path/Frameworks";
				PRODUCT_BUNDLE_IDENTIFIER = "com.webifieddesign.Timer1-2Tests";
				PRODUCT_NAME = "$(TARGET_NAME)";
				TEST_HOST = "$(BUILT_PRODUCTS_DIR)/Timer1.2.app/Timer1.2";
			};
			name = Debug;
		};
		834A0A321C9381CD00BD13A0 /* Release */ = {
			isa = XCBuildConfiguration;
			buildSettings = {
				BUNDLE_LOADER = "$(TEST_HOST)";
				INFOPLIST_FILE = Timer1.2Tests/Info.plist;
				LD_RUNPATH_SEARCH_PATHS = "$(inherited) @executable_path/Frameworks @loader_path/Frameworks";
				PRODUCT_BUNDLE_IDENTIFIER = "com.webifieddesign.Timer1-2Tests";
				PRODUCT_NAME = "$(TARGET_NAME)";
				TEST_HOST = "$(BUILT_PRODUCTS_DIR)/Timer1.2.app/Timer1.2";
			};
			name = Release;
		};
		834A0A341C9381CD00BD13A0 /* Debug */ = {
			isa = XCBuildConfiguration;
			buildSettings = {
				INFOPLIST_FILE = Timer1.2UITests/Info.plist;
				LD_RUNPATH_SEARCH_PATHS = "$(inherited) @executable_path/Frameworks @loader_path/Frameworks";
				PRODUCT_BUNDLE_IDENTIFIER = "com.webifieddesign.Timer1-2UITests";
				PRODUCT_NAME = "$(TARGET_NAME)";
				TEST_TARGET_NAME = Timer1.2;
			};
			name = Debug;
		};
		834A0A351C9381CD00BD13A0 /* Release */ = {
			isa = XCBuildConfiguration;
			buildSettings = {
				INFOPLIST_FILE = Timer1.2UITests/Info.plist;
				LD_RUNPATH_SEARCH_PATHS = "$(inherited) @executable_path/Frameworks @loader_path/Frameworks";
				PRODUCT_BUNDLE_IDENTIFIER = "com.webifieddesign.Timer1-2UITests";
				PRODUCT_NAME = "$(TARGET_NAME)";
				TEST_TARGET_NAME = Timer1.2;
			};
			name = Release;
		};
/* End XCBuildConfiguration section */

/* Begin XCConfigurationList section */
		834A09FD1C9381CD00BD13A0 /* Build configuration list for PBXProject "Timer1.2" */ = {
			isa = XCConfigurationList;
			buildConfigurations = (
				834A0A2B1C9381CD00BD13A0 /* Debug */,
				834A0A2C1C9381CD00BD13A0 /* Release */,
			);
			defaultConfigurationIsVisible = 0;
			defaultConfigurationName = Release;
		};
		834A0A2D1C9381CD00BD13A0 /* Build configuration list for PBXNativeTarget "Timer1.2" */ = {
			isa = XCConfigurationList;
			buildConfigurations = (
				834A0A2E1C9381CD00BD13A0 /* Debug */,
				834A0A2F1C9381CD00BD13A0 /* Release */,
			);
			defaultConfigurationIsVisible = 0;
		};
		834A0A301C9381CD00BD13A0 /* Build configuration list for PBXNativeTarget "Timer1.2Tests" */ = {
			isa = XCConfigurationList;
			buildConfigurations = (
				834A0A311C9381CD00BD13A0 /* Debug */,
				834A0A321C9381CD00BD13A0 /* Release */,
			);
			defaultConfigurationIsVisible = 0;
		};
		834A0A331C9381CD00BD13A0 /* Build configuration list for PBXNativeTarget "Timer1.2UITests" */ = {
			isa = XCConfigurationList;
			buildConfigurations = (
				834A0A341C9381CD00BD13A0 /* Debug */,
				834A0A351C9381CD00BD13A0 /* Release */,
			);
			defaultConfigurationIsVisible = 0;
		};
/* End XCConfigurationList section */

/* Begin XCVersionGroup section */
		834A0A0C1C9381CD00BD13A0 /* Timer1_2.xcdatamodeld */ = {
			isa = XCVersionGroup;
			children = (
				834A0A0D1C9381CD00BD13A0 /* Timer1_2.xcdatamodel */,
			);
			currentVersion = 834A0A0D1C9381CD00BD13A0 /* Timer1_2.xcdatamodel */;
			path = Timer1_2.xcdatamodeld;
			sourceTree = "<group>";
			versionGroupType = wrapper.xcdatamodel;
		};
/* End XCVersionGroup section */
	};
	rootObject = 834A09FA1C9381CD00BD13A0 /* Project object */;
}
